// !$*UTF8*$!
{
	archiveVersion = 1;
	classes = {
	};
	objectVersion = 46;
	objects = {

/* Begin PBXBuildFile section */
		CE20AC7C1D92623A00FD4B82 /* img1.jpg in Resources */ = {isa = PBXBuildFile; fileRef = CE20AC7A1D92623A00FD4B82 /* img1.jpg */; };
		CE20AC7D1D92623A00FD4B82 /* img2.jpg in Resources */ = {isa = PBXBuildFile; fileRef = CE20AC7B1D92623A00FD4B82 /* img2.jpg */; };
		CE324F4C1D87D96500F63FC8 /* AppDelegate.swift in Sources */ = {isa = PBXBuildFile; fileRef = CE324F4B1D87D96500F63FC8 /* AppDelegate.swift */; };
		CE324F4E1D87D96500F63FC8 /* ViewController.swift in Sources */ = {isa = PBXBuildFile; fileRef = CE324F4D1D87D96500F63FC8 /* ViewController.swift */; };
		CE324F511D87D96500F63FC8 /* Main.storyboard in Resources */ = {isa = PBXBuildFile; fileRef = CE324F4F1D87D96500F63FC8 /* Main.storyboard */; };
		CE324F541D87D96500F63FC8 /* PrintingTestDemo.xcdatamodeld in Sources */ = {isa = PBXBuildFile; fileRef = CE324F521D87D96500F63FC8 /* PrintingTestDemo.xcdatamodeld */; };
		CE324F561D87D96500F63FC8 /* Assets.xcassets in Resources */ = {isa = PBXBuildFile; fileRef = CE324F551D87D96500F63FC8 /* Assets.xcassets */; };
		CE324F591D87D96500F63FC8 /* LaunchScreen.storyboard in Resources */ = {isa = PBXBuildFile; fileRef = CE324F571D87D96500F63FC8 /* LaunchScreen.storyboard */; };
		DC177AAEA271094D75F234E4 /* Pods_PrintingTestDemo.framework in Frameworks */ = {isa = PBXBuildFile; fileRef = FAC92BC03A1998E19545FD6B /* Pods_PrintingTestDemo.framework */; };
/* End PBXBuildFile section */

/* Begin PBXFileReference section */
		2A086590A3F7CDA49625DAAE /* Pods-PrintingTestDemo.release.xcconfig */ = {isa = PBXFileReference; includeInIndex = 1; lastKnownFileType = text.xcconfig; name = "Pods-PrintingTestDemo.release.xcconfig"; path = "Pods/Target Support Files/Pods-PrintingTestDemo/Pods-PrintingTestDemo.release.xcconfig"; sourceTree = "<group>"; };
		5A8F7C348E2D9DDFBD54663A /* Pods-PrintingTestDemo.debug.xcconfig */ = {isa = PBXFileReference; includeInIndex = 1; lastKnownFileType = text.xcconfig; name = "Pods-PrintingTestDemo.debug.xcconfig"; path = "Pods/Target Support Files/Pods-PrintingTestDemo/Pods-PrintingTestDemo.debug.xcconfig"; sourceTree = "<group>"; };
		CE20AC7A1D92623A00FD4B82 /* img1.jpg */ = {isa = PBXFileReference; lastKnownFileType = image.jpeg; path = img1.jpg; sourceTree = "<group>"; };
		CE20AC7B1D92623A00FD4B82 /* img2.jpg */ = {isa = PBXFileReference; lastKnownFileType = image.jpeg; path = img2.jpg; sourceTree = "<group>"; };
		CE324F481D87D96500F63FC8 /* PrintingTestDemo.app */ = {isa = PBXFileReference; explicitFileType = wrapper.application; includeInIndex = 0; path = PrintingTestDemo.app; sourceTree = BUILT_PRODUCTS_DIR; };
		CE324F4B1D87D96500F63FC8 /* AppDelegate.swift */ = {isa = PBXFileReference; lastKnownFileType = sourcecode.swift; path = AppDelegate.swift; sourceTree = "<group>"; };
		CE324F4D1D87D96500F63FC8 /* ViewController.swift */ = {isa = PBXFileReference; lastKnownFileType = sourcecode.swift; path = ViewController.swift; sourceTree = "<group>"; };
		CE324F501D87D96500F63FC8 /* Base */ = {isa = PBXFileReference; lastKnownFileType = file.storyboard; name = Base; path = Base.lproj/Main.storyboard; sourceTree = "<group>"; };
		CE324F531D87D96500F63FC8 /* PrintingTestDemo.xcdatamodel */ = {isa = PBXFileReference; lastKnownFileType = wrapper.xcdatamodel; path = PrintingTestDemo.xcdatamodel; sourceTree = "<group>"; };
		CE324F551D87D96500F63FC8 /* Assets.xcassets */ = {isa = PBXFileReference; lastKnownFileType = folder.assetcatalog; path = Assets.xcassets; sourceTree = "<group>"; };
		CE324F581D87D96500F63FC8 /* Base */ = {isa = PBXFileReference; lastKnownFileType = file.storyboard; name = Base; path = Base.lproj/LaunchScreen.storyboard; sourceTree = "<group>"; };
		CE324F5A1D87D96500F63FC8 /* Info.plist */ = {isa = PBXFileReference; lastKnownFileType = text.plist.xml; path = Info.plist; sourceTree = "<group>"; };
		FAC92BC03A1998E19545FD6B /* Pods_PrintingTestDemo.framework */ = {isa = PBXFileReference; explicitFileType = wrapper.framework; includeInIndex = 0; path = Pods_PrintingTestDemo.framework; sourceTree = BUILT_PRODUCTS_DIR; };
/* End PBXFileReference section */

/* Begin PBXFrameworksBuildPhase section */
		CE324F451D87D96500F63FC8 /* Frameworks */ = {
			isa = PBXFrameworksBuildPhase;
			buildActionMask = 2147483647;
			files = (
				DC177AAEA271094D75F234E4 /* Pods_PrintingTestDemo.framework in Frameworks */,
			);
			runOnlyForDeploymentPostprocessing = 0;
		};
/* End PBXFrameworksBuildPhase section */

/* Begin PBXGroup section */
		BC57A97081C61F1DED9A7E1B /* Frameworks */ = {
			isa = PBXGroup;
			children = (
				FAC92BC03A1998E19545FD6B /* Pods_PrintingTestDemo.framework */,
			);
			name = Frameworks;
			sourceTree = "<group>";
		};
		CE324F3F1D87D96500F63FC8 = {
			isa = PBXGroup;
			children = (
				CE324F4A1D87D96500F63FC8 /* PrintingTestDemo */,
				CE324F491D87D96500F63FC8 /* Products */,
				F843DE6633C99BEF76473031 /* Pods */,
				BC57A97081C61F1DED9A7E1B /* Frameworks */,
			);
			sourceTree = "<group>";
		};
		CE324F491D87D96500F63FC8 /* Products */ = {
			isa = PBXGroup;
			children = (
				CE324F481D87D96500F63FC8 /* PrintingTestDemo.app */,
			);
			name = Products;
			sourceTree = "<group>";
		};
		CE324F4A1D87D96500F63FC8 /* PrintingTestDemo */ = {
			isa = PBXGroup;
			children = (
				CE324F4B1D87D96500F63FC8 /* AppDelegate.swift */,
				CE324F4D1D87D96500F63FC8 /* ViewController.swift */,
				CE20AC7A1D92623A00FD4B82 /* img1.jpg */,
				CE20AC7B1D92623A00FD4B82 /* img2.jpg */,
				CE324F4F1D87D96500F63FC8 /* Main.storyboard */,
				CE324F551D87D96500F63FC8 /* Assets.xcassets */,
				CE324F571D87D96500F63FC8 /* LaunchScreen.storyboard */,
				CE324F5A1D87D96500F63FC8 /* Info.plist */,
				CE324F521D87D96500F63FC8 /* PrintingTestDemo.xcdatamodeld */,
			);
			path = PrintingTestDemo;
			sourceTree = "<group>";
		};
		F843DE6633C99BEF76473031 /* Pods */ = {
			isa = PBXGroup;
			children = (
				5A8F7C348E2D9DDFBD54663A /* Pods-PrintingTestDemo.debug.xcconfig */,
				2A086590A3F7CDA49625DAAE /* Pods-PrintingTestDemo.release.xcconfig */,
			);
			name = Pods;
			sourceTree = "<group>";
		};
/* End PBXGroup section */

/* Begin PBXNativeTarget section */
		CE324F471D87D96500F63FC8 /* PrintingTestDemo */ = {
			isa = PBXNativeTarget;
			buildConfigurationList = CE324F5D1D87D96500F63FC8 /* Build configuration list for PBXNativeTarget "PrintingTestDemo" */;
			buildPhases = (
				D0B7AF6263E6B2A1E7FD2A12 /* [CP] Check Pods Manifest.lock */,
				CE324F441D87D96500F63FC8 /* Sources */,
				CE324F451D87D96500F63FC8 /* Frameworks */,
				CE324F461D87D96500F63FC8 /* Resources */,
				60D723E91A3C29947DC6489F /* [CP] Embed Pods Frameworks */,
				2627446D984F0B6482AEF3B0 /* [CP] Copy Pods Resources */,
			);
			buildRules = (
			);
			dependencies = (
			);
			name = PrintingTestDemo;
			productName = PrintingTestDemo;
			productReference = CE324F481D87D96500F63FC8 /* PrintingTestDemo.app */;
			productType = "com.apple.product-type.application";
		};
/* End PBXNativeTarget section */

/* Begin PBXProject section */
		CE324F401D87D96500F63FC8 /* Project object */ = {
			isa = PBXProject;
			attributes = {
				LastSwiftUpdateCheck = 0720;
				LastUpgradeCheck = 0720;
				ORGANIZATIONNAME = Pradeep;
				TargetAttributes = {
					CE324F471D87D96500F63FC8 = {
						CreatedOnToolsVersion = 7.2;
						DevelopmentTeam = QL27L2KR4Y;
					};
				};
			};
			buildConfigurationList = CE324F431D87D96500F63FC8 /* Build configuration list for PBXProject "PrintingTestDemo" */;
			compatibilityVersion = "Xcode 3.2";
			developmentRegion = English;
			hasScannedForEncodings = 0;
			knownRegions = (
				en,
				Base,
			);
			mainGroup = CE324F3F1D87D96500F63FC8;
			productRefGroup = CE324F491D87D96500F63FC8 /* Products */;
			projectDirPath = "";
			projectRoot = "";
			targets = (
				CE324F471D87D96500F63FC8 /* PrintingTestDemo */,
			);
		};
/* End PBXProject section */

/* Begin PBXResourcesBuildPhase section */
		CE324F461D87D96500F63FC8 /* Resources */ = {
			isa = PBXResourcesBuildPhase;
			buildActionMask = 2147483647;
			files = (
				CE324F591D87D96500F63FC8 /* LaunchScreen.storyboard in Resources */,
				CE20AC7C1D92623A00FD4B82 /* img1.jpg in Resources */,
				CE324F561D87D96500F63FC8 /* Assets.xcassets in Resources */,
				CE20AC7D1D92623A00FD4B82 /* img2.jpg in Resources */,
				CE324F511D87D96500F63FC8 /* Main.storyboard in Resources */,
			);
			runOnlyForDeploymentPostprocessing = 0;
		};
/* End PBXResourcesBuildPhase section */

/* Begin PBXShellScriptBuildPhase section */
		2627446D984F0B6482AEF3B0 /* [CP] Copy Pods Resources */ = {
			isa = PBXShellScriptBuildPhase;
			buildActionMask = 2147483647;
			files = (
			);
			inputPaths = (
			);
			name = "[CP] Copy Pods Resources";
			outputPaths = (
			);
			runOnlyForDeploymentPostprocessing = 0;
			shellPath = /bin/sh;
			shellScript = "\"${SRCROOT}/Pods/Target Support Files/Pods-PrintingTestDemo/Pods-PrintingTestDemo-resources.sh\"\n";
			showEnvVarsInLog = 0;
		};
		60D723E91A3C29947DC6489F /* [CP] Embed Pods Frameworks */ = {
			isa = PBXShellScriptBuildPhase;
			buildActionMask = 2147483647;
			files = (
			);
			inputPaths = (
			);
			name = "[CP] Embed Pods Frameworks";
			outputPaths = (
			);
			runOnlyForDeploymentPostprocessing = 0;
			shellPath = /bin/sh;
			shellScript = "\"${SRCROOT}/Pods/Target Support Files/Pods-PrintingTestDemo/Pods-PrintingTestDemo-frameworks.sh\"\n";
			showEnvVarsInLog = 0;
		};
		D0B7AF6263E6B2A1E7FD2A12 /* [CP] Check Pods Manifest.lock */ = {
			isa = PBXShellScriptBuildPhase;
			buildActionMask = 2147483647;
			files = (
			);
			inputPaths = (
			);
			name = "[CP] Check Pods Manifest.lock";
			outputPaths = (
			);
			runOnlyForDeploymentPostprocessing = 0;
			shellPath = /bin/sh;
			shellScript = "diff \"${PODS_ROOT}/../Podfile.lock\" \"${PODS_ROOT}/Manifest.lock\" > /dev/null\nif [[ $? != 0 ]] ; then\n    cat << EOM\nerror: The sandbox is not in sync with the Podfile.lock. Run 'pod install' or update your CocoaPods installation.\nEOM\n    exit 1\nfi\n";
			showEnvVarsInLog = 0;
		};
/* End PBXShellScriptBuildPhase section */

/* Begin PBXSourcesBuildPhase section */
		CE324F441D87D96500F63FC8 /* Sources */ = {
			isa = PBXSourcesBuildPhase;
			buildActionMask = 2147483647;
			files = (
				CE324F4E1D87D96500F63FC8 /* ViewController.swift in Sources */,
				CE324F541D87D96500F63FC8 /* PrintingTestDemo.xcdatamodeld in Sources */,
				CE324F4C1D87D96500F63FC8 /* AppDelegate.swift in Sources */,
			);
			runOnlyForDeploymentPostprocessing = 0;
		};
/* End PBXSourcesBuildPhase section */

/* Begin PBXVariantGroup section */
		CE324F4F1D87D96500F63FC8 /* Main.storyboard */ = {
			isa = PBXVariantGroup;
			children = (
				CE324F501D87D96500F63FC8 /* Base */,
			);
			name = Main.storyboard;
			sourceTree = "<group>";
		};
		CE324F571D87D96500F63FC8 /* LaunchScreen.storyboard */ = {
			isa = PBXVariantGroup;
			children = (
				CE324F581D87D96500F63FC8 /* Base */,
			);
			name = LaunchScreen.storyboard;
			sourceTree = "<group>";
		};
/* End PBXVariantGroup section */

/* Begin XCBuildConfiguration section */
		CE324F5B1D87D96500F63FC8 /* Debug */ = {
			isa = XCBuildConfiguration;
			buildSettings = {
				ALWAYS_SEARCH_USER_PATHS = NO;
				CLANG_CXX_LANGUAGE_STANDARD = "gnu++0x";
				CLANG_CXX_LIBRARY = "libc++";
				CLANG_ENABLE_MODULES = YES;
				CLANG_ENABLE_OBJC_ARC = YES;
				CLANG_WARN_BOOL_CONVERSION = YES;
				CLANG_WARN_CONSTANT_CONVERSION = YES;
				CLANG_WARN_DIRECT_OBJC_ISA_USAGE = YES_ERROR;
				CLANG_WARN_EMPTY_BODY = YES;
				CLANG_WARN_ENUM_CONVERSION = YES;
				CLANG_WARN_INT_CONVERSION = YES;
				CLANG_WARN_OBJC_ROOT_CLASS = YES_ERROR;
				CLANG_WARN_UNREACHABLE_CODE = YES;
				CLANG_WARN__DUPLICATE_METHOD_MATCH = YES;
				CODE_SIGN_IDENTITY = "iPhone Developer: Pradeep Kumar (9AKHGP2QJX)";
				"CODE_SIGN_IDENTITY[sdk=iphoneos*]" = "iPhone Developer: Pradeep Kumar (9AKHGP2QJX)";
				COPY_PHASE_STRIP = NO;
				DEBUG_INFORMATION_FORMAT = dwarf;
				ENABLE_STRICT_OBJC_MSGSEND = YES;
				ENABLE_TESTABILITY = YES;
				GCC_C_LANGUAGE_STANDARD = gnu99;
				GCC_DYNAMIC_NO_PIC = NO;
				GCC_NO_COMMON_BLOCKS = YES;
				GCC_OPTIMIZATION_LEVEL = 0;
				GCC_PREPROCESSOR_DEFINITIONS = (
					"DEBUG=1",
					"$(inherited)",
				);
				GCC_WARN_64_TO_32_BIT_CONVERSION = YES;
				GCC_WARN_ABOUT_RETURN_TYPE = YES_ERROR;
				GCC_WARN_UNDECLARED_SELECTOR = YES;
				GCC_WARN_UNINITIALIZED_AUTOS = YES_AGGRESSIVE;
				GCC_WARN_UNUSED_FUNCTION = YES;
				GCC_WARN_UNUSED_VARIABLE = YES;
				IPHONEOS_DEPLOYMENT_TARGET = 9.2;
				MTL_ENABLE_DEBUG_INFO = YES;
				ONLY_ACTIVE_ARCH = YES;
				PROVISIONING_PROFILE = "1f02911a-0c90-4d00-81b4-4186dde8613e";
				SDKROOT = iphoneos;
				SWIFT_OPTIMIZATION_LEVEL = "-Onone";
				TARGETED_DEVICE_FAMILY = "1,2";
			};
			name = Debug;
		};
		CE324F5C1D87D96500F63FC8 /* Release */ = {
			isa = XCBuildConfiguration;
			buildSettings = {
				ALWAYS_SEARCH_USER_PATHS = NO;
				CLANG_CXX_LANGUAGE_STANDARD = "gnu++0x";
				CLANG_CXX_LIBRARY = "libc++";
				CLANG_ENABLE_MODULES = YES;
				CLANG_ENABLE_OBJC_ARC = YES;
				CLANG_WARN_BOOL_CONVERSION = YES;
				CLANG_WARN_CONSTANT_CONVERSION = YES;
				CLANG_WARN_DIRECT_OBJC_ISA_USAGE = YES_ERROR;
				CLANG_WARN_EMPTY_BODY = YES;
				CLANG_WARN_ENUM_CONVERSION = YES;
				CLANG_WARN_INT_CONVERSION = YES;
				CLANG_WARN_OBJC_ROOT_CLASS = YES_ERROR;
				CLANG_WARN_UNREACHABLE_CODE = YES;
				CLANG_WARN__DUPLICATE_METHOD_MATCH = YES;
				CODE_SIGN_IDENTITY = "iPhone Developer: Pradeep Kumar (9AKHGP2QJX)";
				"CODE_SIGN_IDENTITY[sdk=iphoneos*]" = "iPhone Developer: Pradeep Kumar (9AKHGP2QJX)";
				COPY_PHASE_STRIP = NO;
				DEBUG_INFORMATION_FORMAT = "dwarf-with-dsym";
				ENABLE_NS_ASSERTIONS = NO;
				ENABLE_STRICT_OBJC_MSGSEND = YES;
				GCC_C_LANGUAGE_STANDARD = gnu99;
				GCC_NO_COMMON_BLOCKS = YES;
				GCC_WARN_64_TO_32_BIT_CONVERSION = YES;
				GCC_WARN_ABOUT_RETURN_TYPE = YES_ERROR;
				GCC_WARN_UNDECLARED_SELECTOR = YES;
				GCC_WARN_UNINITIALIZED_AUTOS = YES_AGGRESSIVE;
				GCC_WARN_UNUSED_FUNCTION = YES;
				GCC_WARN_UNUSED_VARIABLE = YES;
				IPHONEOS_DEPLOYMENT_TARGET = 9.2;
				MTL_ENABLE_DEBUG_INFO = NO;
				PROVISIONING_PROFILE = "1f02911a-0c90-4d00-81b4-4186dde8613e";
				SDKROOT = iphoneos;
				TARGETED_DEVICE_FAMILY = "1,2";
				VALIDATE_PRODUCT = YES;
			};
			name = Release;
		};
		CE324F5E1D87D96500F63FC8 /* Debug */ = {
			isa = XCBuildConfiguration;
			baseConfigurationReference = 5A8F7C348E2D9DDFBD54663A /* Pods-PrintingTestDemo.debug.xcconfig */;
			buildSettings = {
				ASSETCATALOG_COMPILER_APPICON_NAME = AppIcon;
				CODE_SIGN_IDENTITY = "iPhone Developer";
				"CODE_SIGN_IDENTITY[sdk=iphoneos*]" = "iPhone Developer: Pradeep Kumar (9AKHGP2QJX)";
				INFOPLIST_FILE = PrintingTestDemo/Info.plist;
				IPHONEOS_DEPLOYMENT_TARGET = 8.0;
				LD_RUNPATH_SEARCH_PATHS = "$(inherited) @executable_path/Frameworks";
				PRODUCT_BUNDLE_IDENTIFIER = com.Fab.Fit;
				PRODUCT_NAME = "$(TARGET_NAME)";
				PROVISIONING_PROFILE = "1f02911a-0c90-4d00-81b4-4186dde8613e";
			};
			name = Debug;
		};
		CE324F5F1D87D96500F63FC8 /* Release */ = {
			isa = XCBuildConfiguration;
			baseConfigurationReference = 2A086590A3F7CDA49625DAAE /* Pods-PrintingTestDemo.release.xcconfig */;
			buildSettings = {
				ASSETCATALOG_COMPILER_APPICON_NAME = AppIcon;
				CODE_SIGN_IDENTITY = "iPhone Developer";
				"CODE_SIGN_IDENTITY[sdk=iphoneos*]" = "iPhone Developer: Pradeep Kumar (9AKHGP2QJX)";
				INFOPLIST_FILE = PrintingTestDemo/Info.plist;
				IPHONEOS_DEPLOYMENT_TARGET = 8.0;
				LD_RUNPATH_SEARCH_PATHS = "$(inherited) @executable_path/Frameworks";
				PRODUCT_BUNDLE_IDENTIFIER = com.Fab.Fit;
				PRODUCT_NAME = "$(TARGET_NAME)";
				PROVISIONING_PROFILE = "1f02911a-0c90-4d00-81b4-4186dde8613e";
			};
			name = Release;
		};
/* End XCBuildConfiguration section */

/* Begin XCConfigurationList section */
		CE324F431D87D96500F63FC8 /* Build configuration list for PBXProject "PrintingTestDemo" */ = {
			isa = XCConfigurationList;
			buildConfigurations = (
				CE324F5B1D87D96500F63FC8 /* Debug */,
				CE324F5C1D87D96500F63FC8 /* Release */,
			);
			defaultConfigurationIsVisible = 0;
			defaultConfigurationName = Release;
		};
		CE324F5D1D87D96500F63FC8 /* Build configuration list for PBXNativeTarget "PrintingTestDemo" */ = {
			isa = XCConfigurationList;
			buildConfigurations = (
				CE324F5E1D87D96500F63FC8 /* Debug */,
				CE324F5F1D87D96500F63FC8 /* Release */,
			);
			defaultConfigurationIsVisible = 0;
			defaultConfigurationName = Release;
		};
/* End XCConfigurationList section */

/* Begin XCVersionGroup section */
		CE324F521D87D96500F63FC8 /* PrintingTestDemo.xcdatamodeld */ = {
			isa = XCVersionGroup;
			children = (
				CE324F531D87D96500F63FC8 /* PrintingTestDemo.xcdatamodel */,
			);
			currentVersion = CE324F531D87D96500F63FC8 /* PrintingTestDemo.xcdatamodel */;
			path = PrintingTestDemo.xcdatamodeld;
			sourceTree = "<group>";
			versionGroupType = wrapper.xcdatamodel;
		};
/* End XCVersionGroup section */
	};
	rootObject = CE324F401D87D96500F63FC8 /* Project object */;
}
